
Microsoft Visual Studio Solution File, Format Version 12.00
# Visual Studio Version 17
VisualStudioVersion = 17.13.35818.85
MinimumVisualStudioVersion = 10.0.40219.1
Project("{FAE04EC0-301F-11D3-BF4B-00C04F79EFBC}") = "WPF_cviceni2", "WPF_cviceni2\WPF_cviceni2.csproj", "{D37BE2FE-33A4-4692-9996-7CFB06AA00C4}"
EndProject
Project("{2150E333-8FDC-42A3-9474-1A3956D46DE8}") = "Položky řešení", "Položky řešení", "{73E6DEBC-5D85-E032-7380-14D1E53616C6}"
EndProject
Global
	GlobalSection(SolutionConfigurationPlatforms) = preSolution
		Debug|Any CPU = Debug|Any CPU
		Release|Any CPU = Release|Any CPU
	EndGlobalSection
	GlobalSection(ProjectConfigurationPlatforms) = postSolution
		{D37BE2FE-33A4-4692-9996-7CFB06AA00C4}.Debug|Any CPU.ActiveCfg = Debug|Any CPU
		{D37BE2FE-33A4-4692-9996-7CFB06AA00C4}.Debug|Any CPU.Build.0 = Debug|Any CPU
		{D37BE2FE-33A4-4692-9996-7CFB06AA00C4}.Release|Any CPU.ActiveCfg = Release|Any CPU
		{D37BE2FE-33A4-4692-9996-7CFB06AA00C4}.Release|Any CPU.Build.0 = Release|Any CPU
	EndGlobalSection
	GlobalSection(SolutionProperties) = preSolution
		HideSolutionNode = FALSE
	EndGlobalSection
	GlobalSection(ExtensibilityGlobals) = postSolution
		SolutionGuid = {EC44F2F2-CC61-4F6D-878F-6772F0E10BE2}
	EndGlobalSection
EndGlobal
